Microsoft Visual Studio Solution File, Format Version 12.00
# Visual Studio Version 16
VisualStudioVersion = 16.0.29001.49
MinimumVisualStudioVersion = 10.0.40219.1
Project("{FAE04EC0-301F-11D3-BF4B-00C04F79EFBC}") = "test_data_grid.Android", "test_data_grid.Android\test_data_grid.Android.csproj", "{628EB8DD-AB8B-4AE8-887E-AD43CA5BF1BC}"
EndProject
Project("{FAE04EC0-301F-11D3-BF4B-00C04F79EFBC}") = "test_data_grid.iOS", "test_data_grid.iOS\test_data_grid.iOS.csproj", "{57916485-7607-4DCB-BF89-7CAC7A49EF16}"
EndProject
Project("{9A19103F-16F7-4668-BE54-9A1E7A4F7556}") = "test_data_grid", "test_data_grid\test_data_grid.csproj", "{F24D0E97-7EA9-428E-982D-1EEE280F694A}"
EndProject
Global
	GlobalSection(SolutionConfigurationPlatforms) = preSolution
		Ad-Hoc|Any CPU = Ad-Hoc|Any CPU
		Ad-Hoc|iPhone = Ad-Hoc|iPhone
		Ad-Hoc|iPhoneSimulator = Ad-Hoc|iPhoneSimulator
		AppStore|Any CPU = AppStore|Any CPU
		AppStore|iPhone = AppStore|iPhone
		AppStore|iPhoneSimulator = AppStore|iPhoneSimulator
		Debug|Any CPU = Debug|Any CPU
		Debug|iPhone = Debug|iPhone
		Debug|iPhoneSimulator = Debug|iPhoneSimulator
		Release|Any CPU = Release|Any CPU
		Release|iPhone = Release|iPhone
		Release|iPhoneSimulator = Release|iPhoneSimulator
	EndGlobalSection
	GlobalSection(ProjectConfigurationPlatforms) = postSolution
		{628EB8DD-AB8B-4AE8-887E-AD43CA5BF1BC}.Ad-Hoc|Any CPU.ActiveCfg = Release|Any CPU
		{628EB8DD-AB8B-4AE8-887E-AD43CA5BF1BC}.Ad-Hoc|Any CPU.Build.0 = Release|Any CPU
		{628EB8DD-AB8B-4AE8-887E-AD43CA5BF1BC}.Ad-Hoc|Any CPU.Deploy.0 = Release|Any CPU
		{628EB8DD-AB8B-4AE8-887E-AD43CA5BF1BC}.Ad-Hoc|iPhone.ActiveCfg = Debug|Any CPU
		{628EB8DD-AB8B-4AE8-887E-AD43CA5BF1BC}.Ad-Hoc|iPhone.Build.0 = Debug|Any CPU
		{628EB8DD-AB8B-4AE8-887E-AD43CA5BF1BC}.Ad-Hoc|iPhoneSimulator.ActiveCfg = Release|Any CPU
		{628EB8DD-AB8B-4AE8-887E-AD43CA5BF1BC}.Ad-Hoc|iPhoneSimulator.Build.0 = Release|Any CPU
		{628EB8DD-AB8B-4AE8-887E-AD43CA5BF1BC}.Ad-Hoc|iPhoneSimulator.Deploy.0 = Release|Any CPU
		{628EB8DD-AB8B-4AE8-887E-AD43CA5BF1BC}.AppStore|Any CPU.ActiveCfg = Release|Any CPU
		{628EB8DD-AB8B-4AE8-887E-AD43CA5BF1BC}.AppStore|Any CPU.Build.0 = Release|Any CPU
		{628EB8DD-AB8B-4AE8-887E-AD43CA5BF1BC}.AppStore|Any CPU.Deploy.0 = Release|Any CPU
		{628EB8DD-AB8B-4AE8-887E-AD43CA5BF1BC}.AppStore|iPhone.ActiveCfg = Debug|Any CPU
		{628EB8DD-AB8B-4AE8-887E-AD43CA5BF1BC}.AppStore|iPhone.Build.0 = Debug|Any CPU
		{628EB8DD-AB8B-4AE8-887E-AD43CA5BF1BC}.AppStore|iPhoneSimulator.ActiveCfg = Release|Any CPU
		{628EB8DD-AB8B-4AE8-887E-AD43CA5BF1BC}.AppStore|iPhoneSimulator.Build.0 = Release|Any CPU
		{628EB8DD-AB8B-4AE8-887E-AD43CA5BF1BC}.AppStore|iPhoneSimulator.Deploy.0 = Release|Any CPU
		{628EB8DD-AB8B-4AE8-887E-AD43CA5BF1BC}.Debug|Any CPU.ActiveCfg = Debug|Any CPU
		{628EB8DD-AB8B-4AE8-887E-AD43CA5BF1BC}.Debug|Any CPU.Build.0 = Debug|Any CPU
		{628EB8DD-AB8B-4AE8-887E-AD43CA5BF1BC}.Debug|iPhone.ActiveCfg = Debug|Any CPU
		{628EB8DD-AB8B-4AE8-887E-AD43CA5BF1BC}.Debug|iPhone.Build.0 = Debug|Any CPU
		{628EB8DD-AB8B-4AE8-887E-AD43CA5BF1BC}.Debug|iPhoneSimulator.ActiveCfg = Debug|Any CPU
		{628EB8DD-AB8B-4AE8-887E-AD43CA5BF1BC}.Debug|iPhoneSimulator.Build.0 = Debug|Any CPU
		{628EB8DD-AB8B-4AE8-887E-AD43CA5BF1BC}.Release|Any CPU.ActiveCfg = Release|Any CPU
		{628EB8DD-AB8B-4AE8-887E-AD43CA5BF1BC}.Release|Any CPU.Build.0 = Release|Any CPU
		{628EB8DD-AB8B-4AE8-887E-AD43CA5BF1BC}.Release|iPhone.ActiveCfg = Release|Any CPU
		{628EB8DD-AB8B-4AE8-887E-AD43CA5BF1BC}.Release|iPhone.Build.0 = Release|Any CPU
		{628EB8DD-AB8B-4AE8-887E-AD43CA5BF1BC}.Release|iPhoneSimulator.ActiveCfg = Release|Any CPU
		{628EB8DD-AB8B-4AE8-887E-AD43CA5BF1BC}.Release|iPhoneSimulator.Build.0 = Release|Any CPU
		{57916485-7607-4DCB-BF89-7CAC7A49EF16}.Ad-Hoc|Any CPU.ActiveCfg = Ad-Hoc|iPhoneSimulator
		{57916485-7607-4DCB-BF89-7CAC7A49EF16}.Ad-Hoc|iPhone.ActiveCfg = Ad-Hoc|iPhone
		{57916485-7607-4DCB-BF89-7CAC7A49EF16}.Ad-Hoc|iPhone.Build.0 = Ad-Hoc|iPhone
		{57916485-7607-4DCB-BF89-7CAC7A49EF16}.Ad-Hoc|iPhoneSimulator.ActiveCfg = Ad-Hoc|iPhoneSimulator
		{57916485-7607-4DCB-BF89-7CAC7A49EF16}.Ad-Hoc|iPhoneSimulator.Build.0 = Ad-Hoc|iPhoneSimulator
		{57916485-7607-4DCB-BF89-7CAC7A49EF16}.AppStore|Any CPU.ActiveCfg = AppStore|iPhoneSimulator
		{57916485-7607-4DCB-BF89-7CAC7A49EF16}.AppStore|iPhone.ActiveCfg = AppStore|iPhone
		{57916485-7607-4DCB-BF89-7CAC7A49EF16}.AppStore|iPhone.Build.0 = AppStore|iPhone
		{57916485-7607-4DCB-BF89-7CAC7A49EF16}.AppStore|iPhoneSimulator.ActiveCfg = AppStore|iPhoneSimulator
		{57916485-7607-4DCB-BF89-7CAC7A49EF16}.AppStore|iPhoneSimulator.Build.0 = AppStore|iPhoneSimulator
		{57916485-7607-4DCB-BF89-7CAC7A49EF16}.Debug|Any CPU.ActiveCfg = Debug|iPhoneSimulator
		{57916485-7607-4DCB-BF89-7CAC7A49EF16}.Debug|Any CPU.Build.0 = Debug|iPhoneSimulator
		{57916485-7607-4DCB-BF89-7CAC7A49EF16}.Debug|iPhone.ActiveCfg = Debug|iPhone
		{57916485-7607-4DCB-BF89-7CAC7A49EF16}.Debug|iPhone.Build.0 = Debug|iPhone
		{57916485-7607-4DCB-BF89-7CAC7A49EF16}.Debug|iPhoneSimulator.ActiveCfg = Debug|iPhoneSimulator
		{57916485-7607-4DCB-BF89-7CAC7A49EF16}.Debug|iPhoneSimulator.Build.0 = Debug|iPhoneSimulator
		{57916485-7607-4DCB-BF89-7CAC7A49EF16}.Release|Any CPU.ActiveCfg = Release|iPhoneSimulator
		{57916485-7607-4DCB-BF89-7CAC7A49EF16}.Release|Any CPU.Build.0 = Release|iPhoneSimulator
		{57916485-7607-4DCB-BF89-7CAC7A49EF16}.Release|iPhone.ActiveCfg = Release|iPhone
		{57916485-7607-4DCB-BF89-7CAC7A49EF16}.Release|iPhone.Build.0 = Release|iPhone
		{57916485-7607-4DCB-BF89-7CAC7A49EF16}.Release|iPhoneSimulator.ActiveCfg = Release|iPhoneSimulator
		{57916485-7607-4DCB-BF89-7CAC7A49EF16}.Release|iPhoneSimulator.Build.0 = Release|iPhoneSimulator
		{F24D0E97-7EA9-428E-982D-1EEE280F694A}.Ad-Hoc|Any CPU.ActiveCfg = Release|Any CPU
		{F24D0E97-7EA9-428E-982D-1EEE280F694A}.Ad-Hoc|Any CPU.Build.0 = Release|Any CPU
		{F24D0E97-7EA9-428E-982D-1EEE280F694A}.Ad-Hoc|iPhone.ActiveCfg = Debug|Any CPU
		{F24D0E97-7EA9-428E-982D-1EEE280F694A}.Ad-Hoc|iPhone.Build.0 = Debug|Any CPU
		{F24D0E97-7EA9-428E-982D-1EEE280F694A}.Ad-Hoc|iPhoneSimulator.ActiveCfg = Release|Any CPU
		{F24D0E97-7EA9-428E-982D-1EEE280F694A}.Ad-Hoc|iPhoneSimulator.Build.0 = Release|Any CPU
		{F24D0E97-7EA9-428E-982D-1EEE280F694A}.AppStore|Any CPU.ActiveCfg = Release|Any CPU
		{F24D0E97-7EA9-428E-982D-1EEE280F694A}.AppStore|Any CPU.Build.0 = Release|Any CPU
		{F24D0E97-7EA9-428E-982D-1EEE280F694A}.AppStore|iPhone.ActiveCfg = Debug|Any CPU
		{F24D0E97-7EA9-428E-982D-1EEE280F694A}.AppStore|iPhone.Build.0 = Debug|Any CPU
		{F24D0E97-7EA9-428E-982D-1EEE280F694A}.AppStore|iPhoneSimulator.ActiveCfg = Release|Any CPU
		{F24D0E97-7EA9-428E-982D-1EEE280F694A}.AppStore|iPhoneSimulator.Build.0 = Release|Any CPU
		{F24D0E97-7EA9-428E-982D-1EEE280F694A}.Debug|Any CPU.ActiveCfg = Debug|Any CPU
		{F24D0E97-7EA9-428E-982D-1EEE280F694A}.Debug|Any CPU.Build.0 = Debug|Any CPU
		{F24D0E97-7EA9-428E-982D-1EEE280F694A}.Debug|iPhone.ActiveCfg = Debug|Any CPU
		{F24D0E97-7EA9-428E-982D-1EEE280F694A}.Debug|iPhone.Build.0 = Debug|Any CPU
		{F24D0E97-7EA9-428E-982D-1EEE280F694A}.Debug|iPhoneSimulator.ActiveCfg = Debug|Any CPU
		{F24D0E97-7EA9-428E-982D-1EEE280F694A}.Debug|iPhoneSimulator.Build.0 = Debug|Any CPU
		{F24D0E97-7EA9-428E-982D-1EEE280F694A}.Release|Any CPU.ActiveCfg = Release|Any CPU
		{F24D0E97-7EA9-428E-982D-1EEE280F694A}.Release|Any CPU.Build.0 = Release|Any CPU
		{F24D0E97-7EA9-428E-982D-1EEE280F694A}.Release|iPhone.ActiveCfg = Release|Any CPU
		{F24D0E97-7EA9-428E-982D-1EEE280F694A}.Release|iPhone.Build.0 = Release|Any CPU
		{F24D0E97-7EA9-428E-982D-1EEE280F694A}.Release|iPhoneSimulator.ActiveCfg = Release|Any CPU
		{F24D0E97-7EA9-428E-982D-1EEE280F694A}.Release|iPhoneSimulator.Build.0 = Release|Any CPU
	EndGlobalSection
	GlobalSection(SolutionProperties) = preSolution
		HideSolutionNode = FALSE
	EndGlobalSection
	GlobalSection(ExtensibilityGlobals) = postSolution
		SolutionGuid = {C1C62AD3-6E26-43E2-88FE-A0F07ADFDDF9}
	EndGlobalSection
EndGlobal
