
Microsoft Visual Studio Solution File, Format Version 12.00
# Visual Studio 15
Project("{FAE04EC0-301F-11D3-BF4B-00C04F79EFBC}") = "test_data_grid.Android", "test_data_grid.Android\test_data_grid.Android.csproj", "{628EB8DD-AB8B-4AE8-887E-AD43CA5BF1BC}"
EndProject
Project("{FAE04EC0-301F-11D3-BF4B-00C04F79EFBC}") = "test_data_grid.iOS", "test_data_grid.iOS\test_data_grid.iOS.csproj", "{57916485-7607-4DCB-BF89-7CAC7A49EF16}"
EndProject
Project("{FAE04EC0-301F-11D3-BF4B-00C04F79EFBC}") = "test_data_grid", "test_data_grid\test_data_grid.csproj", "{F24D0E97-7EA9-428E-982D-1EEE280F694A}"
EndProject
Global
	GlobalSection(SolutionConfigurationPlatforms) = preSolution
		Debug|Any CPU = Debug|Any CPU
		Release|Any CPU = Release|Any CPU
		Debug|iPhoneSimulator = Debug|iPhoneSimulator
		Release|iPhoneSimulator = Release|iPhoneSimulator
		Debug|iPhone = Debug|iPhone
		Release|iPhone = Release|iPhone
		Ad-Hoc|iPhone = Ad-Hoc|iPhone
		AppStore|iPhone = AppStore|iPhone
	EndGlobalSection
	GlobalSection(ProjectConfigurationPlatforms) = postSolution
		{628EB8DD-AB8B-4AE8-887E-AD43CA5BF1BC}.Debug|Any CPU.ActiveCfg = Debug|Any CPU
		{628EB8DD-AB8B-4AE8-887E-AD43CA5BF1BC}.Debug|Any CPU.Build.0 = Debug|Any CPU
		{628EB8DD-AB8B-4AE8-887E-AD43CA5BF1BC}.Release|Any CPU.ActiveCfg = Release|Any CPU
		{628EB8DD-AB8B-4AE8-887E-AD43CA5BF1BC}.Release|Any CPU.Build.0 = Release|Any CPU
		{628EB8DD-AB8B-4AE8-887E-AD43CA5BF1BC}.Debug|iPhoneSimulator.ActiveCfg = Debug|Any CPU
		{628EB8DD-AB8B-4AE8-887E-AD43CA5BF1BC}.Debug|iPhoneSimulator.Build.0 = Debug|Any CPU
		{628EB8DD-AB8B-4AE8-887E-AD43CA5BF1BC}.Release|iPhoneSimulator.ActiveCfg = Release|Any CPU
		{628EB8DD-AB8B-4AE8-887E-AD43CA5BF1BC}.Release|iPhoneSimulator.Build.0 = Release|Any CPU
		{628EB8DD-AB8B-4AE8-887E-AD43CA5BF1BC}.Debug|iPhone.ActiveCfg = Debug|Any CPU
		{628EB8DD-AB8B-4AE8-887E-AD43CA5BF1BC}.Debug|iPhone.Build.0 = Debug|Any CPU
		{628EB8DD-AB8B-4AE8-887E-AD43CA5BF1BC}.Release|iPhone.ActiveCfg = Release|Any CPU
		{628EB8DD-AB8B-4AE8-887E-AD43CA5BF1BC}.Release|iPhone.Build.0 = Release|Any CPU
		{628EB8DD-AB8B-4AE8-887E-AD43CA5BF1BC}.Ad-Hoc|iPhone.ActiveCfg = Debug|Any CPU
		{628EB8DD-AB8B-4AE8-887E-AD43CA5BF1BC}.Ad-Hoc|iPhone.Build.0 = Debug|Any CPU
		{628EB8DD-AB8B-4AE8-887E-AD43CA5BF1BC}.AppStore|iPhone.ActiveCfg = Debug|Any CPU
		{628EB8DD-AB8B-4AE8-887E-AD43CA5BF1BC}.AppStore|iPhone.Build.0 = Debug|Any CPU
		{57916485-7607-4DCB-BF89-7CAC7A49EF16}.Debug|Any CPU.ActiveCfg = Debug|iPhoneSimulator
		{57916485-7607-4DCB-BF89-7CAC7A49EF16}.Debug|Any CPU.Build.0 = Debug|iPhoneSimulator
		{57916485-7607-4DCB-BF89-7CAC7A49EF16}.Release|Any CPU.ActiveCfg = Release|iPhoneSimulator
		{57916485-7607-4DCB-BF89-7CAC7A49EF16}.Release|Any CPU.Build.0 = Release|iPhoneSimulator
		{57916485-7607-4DCB-BF89-7CAC7A49EF16}.Debug|iPhoneSimulator.ActiveCfg = Debug|iPhoneSimulator
		{57916485-7607-4DCB-BF89-7CAC7A49EF16}.Debug|iPhoneSimulator.Build.0 = Debug|iPhoneSimulator
		{57916485-7607-4DCB-BF89-7CAC7A49EF16}.Release|iPhoneSimulator.ActiveCfg = Release|iPhoneSimulator
		{57916485-7607-4DCB-BF89-7CAC7A49EF16}.Release|iPhoneSimulator.Build.0 = Release|iPhoneSimulator
		{57916485-7607-4DCB-BF89-7CAC7A49EF16}.Debug|iPhone.ActiveCfg = Debug|iPhone
		{57916485-7607-4DCB-BF89-7CAC7A49EF16}.Debug|iPhone.Build.0 = Debug|iPhone
		{57916485-7607-4DCB-BF89-7CAC7A49EF16}.Release|iPhone.ActiveCfg = Release|iPhone
		{57916485-7607-4DCB-BF89-7CAC7A49EF16}.Release|iPhone.Build.0 = Release|iPhone
		{57916485-7607-4DCB-BF89-7CAC7A49EF16}.Ad-Hoc|iPhone.ActiveCfg = Ad-Hoc|iPhone
		{57916485-7607-4DCB-BF89-7CAC7A49EF16}.Ad-Hoc|iPhone.Build.0 = Ad-Hoc|iPhone
		{57916485-7607-4DCB-BF89-7CAC7A49EF16}.AppStore|iPhone.ActiveCfg = AppStore|iPhone
		{57916485-7607-4DCB-BF89-7CAC7A49EF16}.AppStore|iPhone.Build.0 = AppStore|iPhone
		{F24D0E97-7EA9-428E-982D-1EEE280F694A}.Debug|Any CPU.ActiveCfg = Debug|Any CPU
		{F24D0E97-7EA9-428E-982D-1EEE280F694A}.Debug|Any CPU.Build.0 = Debug|Any CPU
		{F24D0E97-7EA9-428E-982D-1EEE280F694A}.Release|Any CPU.ActiveCfg = Release|Any CPU
		{F24D0E97-7EA9-428E-982D-1EEE280F694A}.Release|Any CPU.Build.0 = Release|Any CPU
		{F24D0E97-7EA9-428E-982D-1EEE280F694A}.Debug|iPhoneSimulator.ActiveCfg = Debug|Any CPU
		{F24D0E97-7EA9-428E-982D-1EEE280F694A}.Debug|iPhoneSimulator.Build.0 = Debug|Any CPU
		{F24D0E97-7EA9-428E-982D-1EEE280F694A}.Release|iPhoneSimulator.ActiveCfg = Release|Any CPU
		{F24D0E97-7EA9-428E-982D-1EEE280F694A}.Release|iPhoneSimulator.Build.0 = Release|Any CPU
		{F24D0E97-7EA9-428E-982D-1EEE280F694A}.Debug|iPhone.ActiveCfg = Debug|Any CPU
		{F24D0E97-7EA9-428E-982D-1EEE280F694A}.Debug|iPhone.Build.0 = Debug|Any CPU
		{F24D0E97-7EA9-428E-982D-1EEE280F694A}.Release|iPhone.ActiveCfg = Release|Any CPU
		{F24D0E97-7EA9-428E-982D-1EEE280F694A}.Release|iPhone.Build.0 = Release|Any CPU
		{F24D0E97-7EA9-428E-982D-1EEE280F694A}.Ad-Hoc|iPhone.ActiveCfg = Debug|Any CPU
		{F24D0E97-7EA9-428E-982D-1EEE280F694A}.Ad-Hoc|iPhone.Build.0 = Debug|Any CPU
		{F24D0E97-7EA9-428E-982D-1EEE280F694A}.AppStore|iPhone.ActiveCfg = Debug|Any CPU
		{F24D0E97-7EA9-428E-982D-1EEE280F694A}.AppStore|iPhone.Build.0 = Debug|Any CPU
	EndGlobalSection
EndGlobal
