
Microsoft Visual Studio Solution File, Format Version 12.00
# Visual Studio Version 16
VisualStudioVersion = 16.0.29001.49
MinimumVisualStudioVersion = 10.0.40219.1
Project("{FAE04EC0-301F-11D3-BF4B-00C04F79EFBC}") = "NoFrills.Shared", "NoFrillsDataGrid.Shared\NoFrills.Shared.csproj", "{C8B320AF-582E-49B4-A399-2B4F50DC5083}"
EndProject
Project("{9A19103F-16F7-4668-BE54-9A1E7A4F7556}") = "NoFrills.Xamarin.Forms", "NoFrillsDataGrid.Xamarin.Forms\NoFrills.Xamarin.Forms.csproj", "{EE3E4A6D-01C0-4326-8810-68A9112550C5}"
EndProject
Global
	GlobalSection(SolutionConfigurationPlatforms) = preSolution
		Debug|Any CPU = Debug|Any CPU
		Release|Any CPU = Release|Any CPU
	EndGlobalSection
	GlobalSection(ProjectConfigurationPlatforms) = postSolution
		{C8B320AF-582E-49B4-A399-2B4F50DC5083}.Debug|Any CPU.ActiveCfg = Debug|Any CPU
		{C8B320AF-582E-49B4-A399-2B4F50DC5083}.Debug|Any CPU.Build.0 = Debug|Any CPU
		{C8B320AF-582E-49B4-A399-2B4F50DC5083}.Release|Any CPU.ActiveCfg = Release|Any CPU
		{C8B320AF-582E-49B4-A399-2B4F50DC5083}.Release|Any CPU.Build.0 = Release|Any CPU
		{EE3E4A6D-01C0-4326-8810-68A9112550C5}.Debug|Any CPU.ActiveCfg = Debug|Any CPU
		{EE3E4A6D-01C0-4326-8810-68A9112550C5}.Debug|Any CPU.Build.0 = Debug|Any CPU
		{EE3E4A6D-01C0-4326-8810-68A9112550C5}.Release|Any CPU.ActiveCfg = Release|Any CPU
		{EE3E4A6D-01C0-4326-8810-68A9112550C5}.Release|Any CPU.Build.0 = Release|Any CPU
	EndGlobalSection
	GlobalSection(SolutionProperties) = preSolution
		HideSolutionNode = FALSE
	EndGlobalSection
	GlobalSection(ExtensibilityGlobals) = postSolution
		SolutionGuid = {CC8E0C2F-7DC9-45F7-A351-0491EA6F0926}
	EndGlobalSection
EndGlobal
