
Microsoft Visual Studio Solution File, Format Version 12.00
# Visual Studio Version 16
VisualStudioVersion = 16.0.29001.49
MinimumVisualStudioVersion = 10.0.40219.1
Project("{9A19103F-16F7-4668-BE54-9A1E7A4F7556}") = "NoFrills.Shared", "NoFrillsDataGrid.Shared\NoFrills.Shared.csproj", "{C8B320AF-582E-49B4-A399-2B4F50DC5083}"
EndProject
Project("{9A19103F-16F7-4668-BE54-9A1E7A4F7556}") = "NoFrills.Xamarin.Forms", "NoFrillsDataGrid.Xamarin.Forms\NoFrills.Xamarin.Forms.csproj", "{EE3E4A6D-01C0-4326-8810-68A9112550C5}"
EndProject
Project("{FAE04EC0-301F-11D3-BF4B-00C04F79EFBC}") = "NoFrills.Xamarin.Android", "NoFrills.Xamarin.Android\NoFrills.Xamarin.Android.csproj", "{07B677F6-B299-483A-81F8-68BF670CA172}"
EndProject
Project("{FAE04EC0-301F-11D3-BF4B-00C04F79EFBC}") = "ExampleApplication.Android", "ExampleApplication\ExampleApplication.Android\ExampleApplication.Android.csproj", "{F0BBA930-88C3-4A00-BC9E-676FD13B9AFC}"
EndProject
Project("{FAE04EC0-301F-11D3-BF4B-00C04F79EFBC}") = "ExampleApplication", "ExampleApplication\ExampleApplication\ExampleApplication.csproj", "{4B00D79A-38A0-4389-9D1F-0FA093776406}"
EndProject
Global
	GlobalSection(SolutionConfigurationPlatforms) = preSolution
		Debug|Any CPU = Debug|Any CPU
		Release|Any CPU = Release|Any CPU
	EndGlobalSection
	GlobalSection(ProjectConfigurationPlatforms) = postSolution
		{C8B320AF-582E-49B4-A399-2B4F50DC5083}.Debug|Any CPU.ActiveCfg = Debug|Any CPU
		{C8B320AF-582E-49B4-A399-2B4F50DC5083}.Debug|Any CPU.Build.0 = Debug|Any CPU
		{C8B320AF-582E-49B4-A399-2B4F50DC5083}.Release|Any CPU.ActiveCfg = Release|Any CPU
		{C8B320AF-582E-49B4-A399-2B4F50DC5083}.Release|Any CPU.Build.0 = Release|Any CPU
		{EE3E4A6D-01C0-4326-8810-68A9112550C5}.Debug|Any CPU.ActiveCfg = Debug|Any CPU
		{EE3E4A6D-01C0-4326-8810-68A9112550C5}.Debug|Any CPU.Build.0 = Debug|Any CPU
		{EE3E4A6D-01C0-4326-8810-68A9112550C5}.Release|Any CPU.ActiveCfg = Release|Any CPU
		{EE3E4A6D-01C0-4326-8810-68A9112550C5}.Release|Any CPU.Build.0 = Release|Any CPU
		{07B677F6-B299-483A-81F8-68BF670CA172}.Debug|Any CPU.ActiveCfg = Debug|Any CPU
		{07B677F6-B299-483A-81F8-68BF670CA172}.Debug|Any CPU.Build.0 = Debug|Any CPU
		{07B677F6-B299-483A-81F8-68BF670CA172}.Release|Any CPU.ActiveCfg = Release|Any CPU
		{07B677F6-B299-483A-81F8-68BF670CA172}.Release|Any CPU.Build.0 = Release|Any CPU
		{F0BBA930-88C3-4A00-BC9E-676FD13B9AFC}.Debug|Any CPU.ActiveCfg = Debug|Any CPU
		{F0BBA930-88C3-4A00-BC9E-676FD13B9AFC}.Debug|Any CPU.Build.0 = Debug|Any CPU
		{F0BBA930-88C3-4A00-BC9E-676FD13B9AFC}.Debug|Any CPU.Deploy.0 = Debug|Any CPU
		{F0BBA930-88C3-4A00-BC9E-676FD13B9AFC}.Release|Any CPU.ActiveCfg = Release|Any CPU
		{F0BBA930-88C3-4A00-BC9E-676FD13B9AFC}.Release|Any CPU.Build.0 = Release|Any CPU
		{F0BBA930-88C3-4A00-BC9E-676FD13B9AFC}.Release|Any CPU.Deploy.0 = Release|Any CPU
		{4B00D79A-38A0-4389-9D1F-0FA093776406}.Debug|Any CPU.ActiveCfg = Debug|Any CPU
		{4B00D79A-38A0-4389-9D1F-0FA093776406}.Debug|Any CPU.Build.0 = Debug|Any CPU
		{4B00D79A-38A0-4389-9D1F-0FA093776406}.Release|Any CPU.ActiveCfg = Release|Any CPU
		{4B00D79A-38A0-4389-9D1F-0FA093776406}.Release|Any CPU.Build.0 = Release|Any CPU
	EndGlobalSection
	GlobalSection(SolutionProperties) = preSolution
		HideSolutionNode = FALSE
	EndGlobalSection
	GlobalSection(ExtensibilityGlobals) = postSolution
		SolutionGuid = {CC8E0C2F-7DC9-45F7-A351-0491EA6F0926}
	EndGlobalSection
EndGlobal
